// !$*UTF8*$!
{
	archiveVersion = 1;
	classes = {
	};
	objectVersion = 46;
	objects = {

/* Begin PBXBuildFile section */
		26AFF3F51D7EEE2400CBA211 /* RCCTitleViewHelper.m in Sources */ = {isa = PBXBuildFile; fileRef = 26AFF3F41D7EEE2400CBA211 /* RCCTitleViewHelper.m */; };
		6D50D4F11F4E7D2E00B667EC /* RCCManager.h in Copy Header */ = {isa = PBXBuildFile; fileRef = CC84A1931C1A0C4E00B3A6A2 /* RCCManager.h */; };
		6D50D4F21F4E7D2E00B667EC /* RCCManagerModule.h in Copy Header */ = {isa = PBXBuildFile; fileRef = CC84A1951C1A0C4E00B3A6A2 /* RCCManagerModule.h */; };
		6D50D4F31F4E7D2E00B667EC /* RCCNavigationController.h in Copy Header */ = {isa = PBXBuildFile; fileRef = CC84A1971C1A0C4E00B3A6A2 /* RCCNavigationController.h */; };
		6D50D4F41F4E7D2E00B667EC /* RCCViewController.h in Copy Header */ = {isa = PBXBuildFile; fileRef = CC84A19B1C1A0C4E00B3A6A2 /* RCCViewController.h */; };
		6D50D4F51F4E7D2E00B667EC /* RCCLightBox.h in Copy Header */ = {isa = PBXBuildFile; fileRef = D84813171C8C5EB700051BAF /* RCCLightBox.h */; };
		CC84A19E1C1A0C4E00B3A6A2 /* RCCManager.m in Sources */ = {isa = PBXBuildFile; fileRef = CC84A1941C1A0C4E00B3A6A2 /* RCCManager.m */; };
		CC84A19F1C1A0C4E00B3A6A2 /* RCCManagerModule.m in Sources */ = {isa = PBXBuildFile; fileRef = CC84A1961C1A0C4E00B3A6A2 /* RCCManagerModule.m */; };
		CC84A1A01C1A0C4E00B3A6A2 /* RCCNavigationController.m in Sources */ = {isa = PBXBuildFile; fileRef = CC84A1981C1A0C4E00B3A6A2 /* RCCNavigationController.m */; };
		CC84A1A21C1A0C4E00B3A6A2 /* RCCViewController.m in Sources */ = {isa = PBXBuildFile; fileRef = CC84A19C1C1A0C4E00B3A6A2 /* RCCViewController.m */; };
		D84813191C8C5EB700051BAF /* RCCLightBox.m in Sources */ = {isa = PBXBuildFile; fileRef = D84813181C8C5EB700051BAF /* RCCLightBox.m */; };
		D8D779981D04B7180050CFEA /* RCTHelpers.m in Sources */ = {isa = PBXBuildFile; fileRef = D8D779971D04B7180050CFEA /* RCTHelpers.m */; };
/* End PBXBuildFile section */

/* Begin PBXCopyFilesBuildPhase section */
		D8AFADBB1BEE6F3F00A4592D /* Copy Header */ = {
			isa = PBXCopyFilesBuildPhase;
			buildActionMask = 2147483647;
			dstPath = "include/$(PRODUCT_NAME)";
			dstSubfolderSpec = 16;
			files = (
				6D50D4F11F4E7D2E00B667EC /* RCCManager.h in Copy Header */,
				6D50D4F21F4E7D2E00B667EC /* RCCManagerModule.h in Copy Header */,
				6D50D4F31F4E7D2E00B667EC /* RCCNavigationController.h in Copy Header */,
				6D50D4F41F4E7D2E00B667EC /* RCCViewController.h in Copy Header */,
				6D50D4F51F4E7D2E00B667EC /* RCCLightBox.h in Copy Header */,
			);
			name = "Copy Header";
			runOnlyForDeploymentPostprocessing = 0;
		};
/* End PBXCopyFilesBuildPhase section */

/* Begin PBXFileReference section */
		26AFF3F31D7EEE2400CBA211 /* RCCTitleViewHelper.h */ = {isa = PBXFileReference; fileEncoding = 4; lastKnownFileType = sourcecode.c.h; name = RCCTitleViewHelper.h; path = Helpers/RCCTitleViewHelper.h; sourceTree = "<group>"; };
		26AFF3F41D7EEE2400CBA211 /* RCCTitleViewHelper.m */ = {isa = PBXFileReference; fileEncoding = 4; lastKnownFileType = sourcecode.c.objc; name = RCCTitleViewHelper.m; path = Helpers/RCCTitleViewHelper.m; sourceTree = "<group>"; };
		CC84A1931C1A0C4E00B3A6A2 /* RCCManager.h */ = {isa = PBXFileReference; fileEncoding = 4; lastKnownFileType = sourcecode.c.h; path = RCCManager.h; sourceTree = "<group>"; };
		CC84A1941C1A0C4E00B3A6A2 /* RCCManager.m */ = {isa = PBXFileReference; fileEncoding = 4; indentWidth = 2; lastKnownFileType = sourcecode.c.objc; path = RCCManager.m; sourceTree = "<group>"; tabWidth = 2; };
		CC84A1951C1A0C4E00B3A6A2 /* RCCManagerModule.h */ = {isa = PBXFileReference; fileEncoding = 4; lastKnownFileType = sourcecode.c.h; path = RCCManagerModule.h; sourceTree = "<group>"; };
		CC84A1961C1A0C4E00B3A6A2 /* RCCManagerModule.m */ = {isa = PBXFileReference; fileEncoding = 4; lastKnownFileType = sourcecode.c.objc; path = RCCManagerModule.m; sourceTree = "<group>"; };
		CC84A1971C1A0C4E00B3A6A2 /* RCCNavigationController.h */ = {isa = PBXFileReference; fileEncoding = 4; lastKnownFileType = sourcecode.c.h; path = RCCNavigationController.h; sourceTree = "<group>"; };
		CC84A1981C1A0C4E00B3A6A2 /* RCCNavigationController.m */ = {isa = PBXFileReference; fileEncoding = 4; indentWidth = 2; lastKnownFileType = sourcecode.c.objc; path = RCCNavigationController.m; sourceTree = "<group>"; tabWidth = 2; };
		CC84A19B1C1A0C4E00B3A6A2 /* RCCViewController.h */ = {isa = PBXFileReference; fileEncoding = 4; lastKnownFileType = sourcecode.c.h; path = RCCViewController.h; sourceTree = "<group>"; };
		CC84A19C1C1A0C4E00B3A6A2 /* RCCViewController.m */ = {isa = PBXFileReference; fileEncoding = 4; indentWidth = 2; lastKnownFileType = sourcecode.c.objc; path = RCCViewController.m; sourceTree = "<group>"; tabWidth = 2; };
		D84813171C8C5EB700051BAF /* RCCLightBox.h */ = {isa = PBXFileReference; fileEncoding = 4; lastKnownFileType = sourcecode.c.h; path = RCCLightBox.h; sourceTree = "<group>"; };
		D84813181C8C5EB700051BAF /* RCCLightBox.m */ = {isa = PBXFileReference; fileEncoding = 4; lastKnownFileType = sourcecode.c.objc; path = RCCLightBox.m; sourceTree = "<group>"; };
		D8AFADBD1BEE6F3F00A4592D /* libReactNativeNavigation.a */ = {isa = PBXFileReference; explicitFileType = archive.ar; includeInIndex = 0; path = libReactNativeNavigation.a; sourceTree = BUILT_PRODUCTS_DIR; };
		D8D779961D04B7180050CFEA /* RCTHelpers.h */ = {isa = PBXFileReference; fileEncoding = 4; lastKnownFileType = sourcecode.c.h; path = RCTHelpers.h; sourceTree = "<group>"; };
		D8D779971D04B7180050CFEA /* RCTHelpers.m */ = {isa = PBXFileReference; fileEncoding = 4; lastKnownFileType = sourcecode.c.objc; path = RCTHelpers.m; sourceTree = "<group>"; };
/* End PBXFileReference section */

/* Begin PBXFrameworksBuildPhase section */
		D8AFADBA1BEE6F3F00A4592D /* Frameworks */ = {
			isa = PBXFrameworksBuildPhase;
			buildActionMask = 2147483647;
			files = (
			);
			runOnlyForDeploymentPostprocessing = 0;
		};
/* End PBXFrameworksBuildPhase section */

/* Begin PBXGroup section */
		D8AFADB41BEE6F3F00A4592D = {
			isa = PBXGroup;
			children = (
				D8D779951D04B7180050CFEA /* Helpers */,
				CC84A1931C1A0C4E00B3A6A2 /* RCCManager.h */,
				CC84A1941C1A0C4E00B3A6A2 /* RCCManager.m */,
				26AFF3F31D7EEE2400CBA211 /* RCCTitleViewHelper.h */,
				26AFF3F41D7EEE2400CBA211 /* RCCTitleViewHelper.m */,
				CC84A1951C1A0C4E00B3A6A2 /* RCCManagerModule.h */,
				CC84A1961C1A0C4E00B3A6A2 /* RCCManagerModule.m */,
				CC84A1971C1A0C4E00B3A6A2 /* RCCNavigationController.h */,
				CC84A1981C1A0C4E00B3A6A2 /* RCCNavigationController.m */,
				CC84A19B1C1A0C4E00B3A6A2 /* RCCViewController.h */,
				CC84A19C1C1A0C4E00B3A6A2 /* RCCViewController.m */,
				D84813171C8C5EB700051BAF /* RCCLightBox.h */,
				D84813181C8C5EB700051BAF /* RCCLightBox.m */,
				D8AFADBE1BEE6F3F00A4592D /* Products */,
			);
			sourceTree = "<group>";
		};
		D8AFADBE1BEE6F3F00A4592D /* Products */ = {
			isa = PBXGroup;
			children = (
				D8AFADBD1BEE6F3F00A4592D /* libReactNativeNavigation.a */,
			);
			name = Products;
			sourceTree = "<group>";
		};
		D8D779951D04B7180050CFEA /* Helpers */ = {
			isa = PBXGroup;
			children = (
				D8D779961D04B7180050CFEA /* RCTHelpers.h */,
				D8D779971D04B7180050CFEA /* RCTHelpers.m */,
			);
			path = Helpers;
			sourceTree = "<group>";
		};
/* End PBXGroup section */

/* Begin PBXNativeTarget section */
		D8AFADBC1BEE6F3F00A4592D /* ReactNativeNavigation */ = {
			isa = PBXNativeTarget;
			buildConfigurationList = D8AFADC61BEE6F3F00A4592D /* Build configuration list for PBXNativeTarget "ReactNativeNavigation" */;
			buildPhases = (
				D8AFADB91BEE6F3F00A4592D /* Sources */,
				D8AFADBA1BEE6F3F00A4592D /* Frameworks */,
				D8AFADBB1BEE6F3F00A4592D /* Copy Header */,
			);
			buildRules = (
			);
			dependencies = (
			);
			name = ReactNativeNavigation;
			productName = libReactContacts;
			productReference = D8AFADBD1BEE6F3F00A4592D /* libReactNativeNavigation.a */;
			productType = "com.apple.product-type.library.static";
		};
/* End PBXNativeTarget section */

/* Begin PBXProject section */
		D8AFADB51BEE6F3F00A4592D /* Project object */ = {
			isa = PBXProject;
			attributes = {
				LastUpgradeCheck = 0710;
				ORGANIZATIONNAME = artal;
				TargetAttributes = {
					D8AFADBC1BEE6F3F00A4592D = {
						CreatedOnToolsVersion = 7.1;
					};
				};
			};
			buildConfigurationList = D8AFADB81BEE6F3F00A4592D /* Build configuration list for PBXProject "ReactNativeNavigation" */;
			compatibilityVersion = "Xcode 3.2";
			developmentRegion = English;
			hasScannedForEncodings = 0;
			knownRegions = (
				en,
			);
			mainGroup = D8AFADB41BEE6F3F00A4592D;
			productRefGroup = D8AFADBE1BEE6F3F00A4592D /* Products */;
			projectDirPath = "";
			projectRoot = "";
			targets = (
				D8AFADBC1BEE6F3F00A4592D /* ReactNativeNavigation */,
			);
		};
/* End PBXProject section */

/* Begin PBXSourcesBuildPhase section */
		D8AFADB91BEE6F3F00A4592D /* Sources */ = {
			isa = PBXSourcesBuildPhase;
			buildActionMask = 2147483647;
			files = (
				CC84A1A01C1A0C4E00B3A6A2 /* RCCNavigationController.m in Sources */,
				CC84A19F1C1A0C4E00B3A6A2 /* RCCManagerModule.m in Sources */,
				26AFF3F51D7EEE2400CBA211 /* RCCTitleViewHelper.m in Sources */,
				D8D779981D04B7180050CFEA /* RCTHelpers.m in Sources */,
				D84813191C8C5EB700051BAF /* RCCLightBox.m in Sources */,
				CC84A19E1C1A0C4E00B3A6A2 /* RCCManager.m in Sources */,
				CC84A1A21C1A0C4E00B3A6A2 /* RCCViewController.m in Sources */,
			);
			runOnlyForDeploymentPostprocessing = 0;
		};
/* End PBXSourcesBuildPhase section */

/* Begin XCBuildConfiguration section */
		D8AFADC41BEE6F3F00A4592D /* Debug */ = {
			isa = XCBuildConfiguration;
			buildSettings = {
				ALWAYS_SEARCH_USER_PATHS = NO;
				CLANG_CXX_LANGUAGE_STANDARD = "gnu++0x";
				CLANG_CXX_LIBRARY = "libc++";
				CLANG_ENABLE_MODULES = YES;
				CLANG_ENABLE_OBJC_ARC = YES;
				CLANG_WARN_BOOL_CONVERSION = YES;
				CLANG_WARN_CONSTANT_CONVERSION = YES;
				CLANG_WARN_DIRECT_OBJC_ISA_USAGE = YES_ERROR;
				CLANG_WARN_EMPTY_BODY = YES;
				CLANG_WARN_ENUM_CONVERSION = YES;
				CLANG_WARN_INT_CONVERSION = YES;
				CLANG_WARN_OBJC_ROOT_CLASS = YES_ERROR;
				CLANG_WARN_UNREACHABLE_CODE = YES;
				CLANG_WARN__DUPLICATE_METHOD_MATCH = YES;
				"CODE_SIGN_IDENTITY[sdk=iphoneos*]" = "iPhone Developer";
				COPY_PHASE_STRIP = NO;
				DEBUG_INFORMATION_FORMAT = dwarf;
				ENABLE_STRICT_OBJC_MSGSEND = YES;
				ENABLE_TESTABILITY = YES;
				GCC_C_LANGUAGE_STANDARD = gnu99;
				GCC_DYNAMIC_NO_PIC = NO;
				GCC_NO_COMMON_BLOCKS = YES;
				GCC_OPTIMIZATION_LEVEL = 0;
				GCC_PREPROCESSOR_DEFINITIONS = (
					"DEBUG=1",
					"$(inherited)",
				);
				GCC_WARN_64_TO_32_BIT_CONVERSION = YES;
				GCC_WARN_ABOUT_RETURN_TYPE = YES_ERROR;
				GCC_WARN_UNDECLARED_SELECTOR = YES;
				GCC_WARN_UNINITIALIZED_AUTOS = YES_AGGRESSIVE;
				GCC_WARN_UNUSED_FUNCTION = YES;
				GCC_WARN_UNUSED_VARIABLE = YES;
				IPHONEOS_DEPLOYMENT_TARGET = 8.0;
				MTL_ENABLE_DEBUG_INFO = YES;
				ONLY_ACTIVE_ARCH = YES;
				SDKROOT = iphoneos;
			};
			name = Debug;
		};
		D8AFADC51BEE6F3F00A4592D /* Release */ = {
			isa = XCBuildConfiguration;
			buildSettings = {
				ALWAYS_SEARCH_USER_PATHS = NO;
				CLANG_CXX_LANGUAGE_STANDARD = "gnu++0x";
				CLANG_CXX_LIBRARY = "libc++";
				CLANG_ENABLE_MODULES = YES;
				CLANG_ENABLE_OBJC_ARC = YES;
				CLANG_WARN_BOOL_CONVERSION = YES;
				CLANG_WARN_CONSTANT_CONVERSION = YES;
				CLANG_WARN_DIRECT_OBJC_ISA_USAGE = YES_ERROR;
				CLANG_WARN_EMPTY_BODY = YES;
				CLANG_WARN_ENUM_CONVERSION = YES;
				CLANG_WARN_INT_CONVERSION = YES;
				CLANG_WARN_OBJC_ROOT_CLASS = YES_ERROR;
				CLANG_WARN_UNREACHABLE_CODE = YES;
				CLANG_WARN__DUPLICATE_METHOD_MATCH = YES;
				"CODE_SIGN_IDENTITY[sdk=iphoneos*]" = "iPhone Developer";
				COPY_PHASE_STRIP = NO;
				DEBUG_INFORMATION_FORMAT = "dwarf-with-dsym";
				ENABLE_NS_ASSERTIONS = NO;
				ENABLE_STRICT_OBJC_MSGSEND = YES;
				GCC_C_LANGUAGE_STANDARD = gnu99;
				GCC_NO_COMMON_BLOCKS = YES;
				GCC_WARN_64_TO_32_BIT_CONVERSION = YES;
				GCC_WARN_ABOUT_RETURN_TYPE = YES_ERROR;
				GCC_WARN_UNDECLARED_SELECTOR = YES;
				GCC_WARN_UNINITIALIZED_AUTOS = YES_AGGRESSIVE;
				GCC_WARN_UNUSED_FUNCTION = YES;
				GCC_WARN_UNUSED_VARIABLE = YES;
				IPHONEOS_DEPLOYMENT_TARGET = 8.0;
				MTL_ENABLE_DEBUG_INFO = NO;
				SDKROOT = iphoneos;
				VALIDATE_PRODUCT = YES;
			};
			name = Release;
		};
		D8AFADC71BEE6F3F00A4592D /* Debug */ = {
			isa = XCBuildConfiguration;
			buildSettings = {
				OTHER_LDFLAGS = "-ObjC";
				PRODUCT_NAME = ReactNativeNavigation;
				SKIP_INSTALL = YES;
			};
			name = Debug;
		};
		D8AFADC81BEE6F3F00A4592D /* Release */ = {
			isa = XCBuildConfiguration;
			buildSettings = {
				OTHER_LDFLAGS = "-ObjC";
				PRODUCT_NAME = ReactNativeNavigation;
				SKIP_INSTALL = YES;
			};
			name = Release;
		};
/* End XCBuildConfiguration section */

/* Begin XCConfigurationList section */
		D8AFADB81BEE6F3F00A4592D /* Build configuration list for PBXProject "ReactNativeNavigation" */ = {
			isa = XCConfigurationList;
			buildConfigurations = (
				D8AFADC41BEE6F3F00A4592D /* Debug */,
				D8AFADC51BEE6F3F00A4592D /* Release */,
			);
			defaultConfigurationIsVisible = 0;
			defaultConfigurationName = Release;
		};
		D8AFADC61BEE6F3F00A4592D /* Build configuration list for PBXNativeTarget "ReactNativeNavigation" */ = {
			isa = XCConfigurationList;
			buildConfigurations = (
				D8AFADC71BEE6F3F00A4592D /* Debug */,
				D8AFADC81BEE6F3F00A4592D /* Release */,
			);
			defaultConfigurationIsVisible = 0;
			defaultConfigurationName = Release;
		};
/* End XCConfigurationList section */
	};
	rootObject = D8AFADB51BEE6F3F00A4592D /* Project object */;
}
